
Microsoft Visual Studio Solution File, Format Version 12.00
# Visual Studio Version 17
VisualStudioVersion = 17.11.35222.181
MinimumVisualStudioVersion = 10.0.40219.1
Project("{FAE04EC0-301F-11D3-BF4B-00C04F79EFBC}") = "Testes", "Testes.csproj", "{EE4D7F1A-14A0-4688-8FAA-BF6B2FE607B1}"
EndProject
Global
	GlobalSection(SolutionConfigurationPlatforms) = preSolution
		Debug|Any CPU = Debug|Any CPU
		Release|Any CPU = Release|Any CPU
	EndGlobalSection
	GlobalSection(ProjectConfigurationPlatforms) = postSolution
		{EE4D7F1A-14A0-4688-8FAA-BF6B2FE607B1}.Debug|Any CPU.ActiveCfg = Debug|Any CPU
		{EE4D7F1A-14A0-4688-8FAA-BF6B2FE607B1}.Debug|Any CPU.Build.0 = Debug|Any CPU
		{EE4D7F1A-14A0-4688-8FAA-BF6B2FE607B1}.Release|Any CPU.ActiveCfg = Release|Any CPU
		{EE4D7F1A-14A0-4688-8FAA-BF6B2FE607B1}.Release|Any CPU.Build.0 = Release|Any CPU
	EndGlobalSection
	GlobalSection(SolutionProperties) = preSolution
		HideSolutionNode = FALSE
	EndGlobalSection
	GlobalSection(ExtensibilityGlobals) = postSolution
		SolutionGuid = {150DE790-0BCB-4998-8703-A232A4BDF3EB}
	EndGlobalSection
EndGlobal
